
Microsoft Visual Studio Solution File, Format Version 12.00
# Visual Studio Version 18
VisualStudioVersion = 18.3.11312.210
MinimumVisualStudioVersion = 10.0.40219.1
Project("{8BC9CEB8-8B4A-11D0-8D11-00A0C91BC942}") = "FirstConsoleApplication", "FirstConsoleApplication\FirstConsoleApplication.vcxproj", "{28D3BFBD-8717-4D18-B519-831235AD06D4}"
EndProject
Project("{8BC9CEB8-8B4A-11D0-8D11-00A0C91BC942}") = "VariableConsoleApplication", "VariableConsoleApplication\VariableConsoleApplication.vcxproj", "{BEB843FF-3E00-458E-85BC-AD3BB21F38DE}"
EndProject
Project("{8BC9CEB8-8B4A-11D0-8D11-00A0C91BC942}") = "InstructionIFConsoleApplication", "InstructionIFConsoleApplication\InstructionIFConsoleApplication.vcxproj", "{BC4F03D8-9F26-4455-A1BB-C5D24A0CF07C}"
EndProject
Project("{8BC9CEB8-8B4A-11D0-8D11-00A0C91BC942}") = "LoopDoWhileConsoleApplication", "LoopDoWhileConsoleApplication\LoopDoWhileConsoleApplication.vcxproj", "{4D5F1B71-CFAF-4DAB-869A-4498D33EDB17}"
EndProject
Project("{2150E333-8FDC-42A3-9474-1A3956D46DE8}") = "01. Basics", "01. Basics", "{02EA681E-C7D8-13C7-8484-4AC65E1B71E8}"
EndProject
Project("{2150E333-8FDC-42A3-9474-1A3956D46DE8}") = "02. Variable", "02. Variable", "{B9C820E6-ECF1-4FCD-AD67-9E6A4F65E3ED}"
EndProject
Project("{2150E333-8FDC-42A3-9474-1A3956D46DE8}") = "03. Decision instructions", "03. Decision instructions", "{C0AB2DDF-F9FC-46AE-98AD-56D5B88DE816}"
EndProject
Project("{8BC9CEB8-8B4A-11D0-8D11-00A0C91BC942}") = "LoopWhileConsoleApplication", "LoopWhileConsoleApplication\LoopWhileConsoleApplication.vcxproj", "{53308BD4-A840-45B8-969C-2DBC22ED5CAC}"
EndProject
Project("{8BC9CEB8-8B4A-11D0-8D11-00A0C91BC942}") = "LoopForConsoleApplication", "LoopForConsoleApplication\LoopForConsoleApplication.vcxproj", "{AC2D89CE-B3FC-4423-8ECB-00E8F055C4B8}"
EndProject
Project("{2150E333-8FDC-42A3-9474-1A3956D46DE8}") = "04. Collections", "04. Collections", "{E2D8B8D6-8053-4C17-9DBF-5F9E00738565}"
EndProject
Project("{2150E333-8FDC-42A3-9474-1A3956D46DE8}") = "01. Charakters", "01. Charakters", "{403E2A72-6CC1-4D00-97FD-AF3427128612}"
EndProject
Project("{8BC9CEB8-8B4A-11D0-8D11-00A0C91BC942}") = "CharactersConsoleApplication", "CharactersConsoleApplication\CharactersConsoleApplication.vcxproj", "{6E51DF5D-79E6-478F-9F23-E5E81EE1A928}"
EndProject
Project("{2150E333-8FDC-42A3-9474-1A3956D46DE8}") = "02. Array", "02. Array", "{4CD37B6A-068E-42EB-9983-229E494E2FD8}"
EndProject
Project("{8BC9CEB8-8B4A-11D0-8D11-00A0C91BC942}") = "ArrayConsoleApplication", "ArrayConsoleApplication\ArrayConsoleApplication.vcxproj", "{EBC446D6-009E-4A36-B4B5-05A541CA7A1C}"
EndProject
Project("{2150E333-8FDC-42A3-9474-1A3956D46DE8}") = "05. Function", "05. Function", "{583DDC96-31D6-4967-9BDD-A06A28293B36}"
EndProject
Project("{8BC9CEB8-8B4A-11D0-8D11-00A0C91BC942}") = "FunctionConsoleApplication", "FunctionConsoleApplication\FunctionConsoleApplication.vcxproj", "{EEF8CB07-BEE4-4303-9EC6-C4D042BA162D}"
EndProject
Project("{2150E333-8FDC-42A3-9474-1A3956D46DE8}") = "06. TicTacToe", "06. TicTacToe", "{3BBA2939-BA70-4194-963A-D8DF7716F2C9}"
EndProject
Project("{8BC9CEB8-8B4A-11D0-8D11-00A0C91BC942}") = "TicTacToeConsoleApplication", "TicTacToeConsoleApplication\TicTacToeConsoleApplication.vcxproj", "{37575C7F-853D-454A-B9F8-E8EBEC57DDD3}"
EndProject
Global
	GlobalSection(SolutionConfigurationPlatforms) = preSolution
		Debug|x64 = Debug|x64
		Debug|x86 = Debug|x86
		Release|x64 = Release|x64
		Release|x86 = Release|x86
	EndGlobalSection
	GlobalSection(ProjectConfigurationPlatforms) = postSolution
		{28D3BFBD-8717-4D18-B519-831235AD06D4}.Debug|x64.ActiveCfg = Debug|x64
		{28D3BFBD-8717-4D18-B519-831235AD06D4}.Debug|x64.Build.0 = Debug|x64
		{28D3BFBD-8717-4D18-B519-831235AD06D4}.Debug|x86.ActiveCfg = Debug|Win32
		{28D3BFBD-8717-4D18-B519-831235AD06D4}.Debug|x86.Build.0 = Debug|Win32
		{28D3BFBD-8717-4D18-B519-831235AD06D4}.Release|x64.ActiveCfg = Release|x64
		{28D3BFBD-8717-4D18-B519-831235AD06D4}.Release|x64.Build.0 = Release|x64
		{28D3BFBD-8717-4D18-B519-831235AD06D4}.Release|x86.ActiveCfg = Release|Win32
		{28D3BFBD-8717-4D18-B519-831235AD06D4}.Release|x86.Build.0 = Release|Win32
		{BEB843FF-3E00-458E-85BC-AD3BB21F38DE}.Debug|x64.ActiveCfg = Debug|x64
		{BEB843FF-3E00-458E-85BC-AD3BB21F38DE}.Debug|x64.Build.0 = Debug|x64
		{BEB843FF-3E00-458E-85BC-AD3BB21F38DE}.Debug|x86.ActiveCfg = Debug|Win32
		{BEB843FF-3E00-458E-85BC-AD3BB21F38DE}.Debug|x86.Build.0 = Debug|Win32
		{BEB843FF-3E00-458E-85BC-AD3BB21F38DE}.Release|x64.ActiveCfg = Release|x64
		{BEB843FF-3E00-458E-85BC-AD3BB21F38DE}.Release|x64.Build.0 = Release|x64
		{BEB843FF-3E00-458E-85BC-AD3BB21F38DE}.Release|x86.ActiveCfg = Release|Win32
		{BEB843FF-3E00-458E-85BC-AD3BB21F38DE}.Release|x86.Build.0 = Release|Win32
		{BC4F03D8-9F26-4455-A1BB-C5D24A0CF07C}.Debug|x64.ActiveCfg = Debug|x64
		{BC4F03D8-9F26-4455-A1BB-C5D24A0CF07C}.Debug|x64.Build.0 = Debug|x64
		{BC4F03D8-9F26-4455-A1BB-C5D24A0CF07C}.Debug|x86.ActiveCfg = Debug|Win32
		{BC4F03D8-9F26-4455-A1BB-C5D24A0CF07C}.Debug|x86.Build.0 = Debug|Win32
		{BC4F03D8-9F26-4455-A1BB-C5D24A0CF07C}.Release|x64.ActiveCfg = Release|x64
		{BC4F03D8-9F26-4455-A1BB-C5D24A0CF07C}.Release|x64.Build.0 = Release|x64
		{BC4F03D8-9F26-4455-A1BB-C5D24A0CF07C}.Release|x86.ActiveCfg = Release|Win32
		{BC4F03D8-9F26-4455-A1BB-C5D24A0CF07C}.Release|x86.Build.0 = Release|Win32
		{4D5F1B71-CFAF-4DAB-869A-4498D33EDB17}.Debug|x64.ActiveCfg = Debug|x64
		{4D5F1B71-CFAF-4DAB-869A-4498D33EDB17}.Debug|x64.Build.0 = Debug|x64
		{4D5F1B71-CFAF-4DAB-869A-4498D33EDB17}.Debug|x86.ActiveCfg = Debug|Win32
		{4D5F1B71-CFAF-4DAB-869A-4498D33EDB17}.Debug|x86.Build.0 = Debug|Win32
		{4D5F1B71-CFAF-4DAB-869A-4498D33EDB17}.Release|x64.ActiveCfg = Release|x64
		{4D5F1B71-CFAF-4DAB-869A-4498D33EDB17}.Release|x64.Build.0 = Release|x64
		{4D5F1B71-CFAF-4DAB-869A-4498D33EDB17}.Release|x86.ActiveCfg = Release|Win32
		{4D5F1B71-CFAF-4DAB-869A-4498D33EDB17}.Release|x86.Build.0 = Release|Win32
		{53308BD4-A840-45B8-969C-2DBC22ED5CAC}.Debug|x64.ActiveCfg = Debug|x64
		{53308BD4-A840-45B8-969C-2DBC22ED5CAC}.Debug|x64.Build.0 = Debug|x64
		{53308BD4-A840-45B8-969C-2DBC22ED5CAC}.Debug|x86.ActiveCfg = Debug|Win32
		{53308BD4-A840-45B8-969C-2DBC22ED5CAC}.Debug|x86.Build.0 = Debug|Win32
		{53308BD4-A840-45B8-969C-2DBC22ED5CAC}.Release|x64.ActiveCfg = Release|x64
		{53308BD4-A840-45B8-969C-2DBC22ED5CAC}.Release|x64.Build.0 = Release|x64
		{53308BD4-A840-45B8-969C-2DBC22ED5CAC}.Release|x86.ActiveCfg = Release|Win32
		{53308BD4-A840-45B8-969C-2DBC22ED5CAC}.Release|x86.Build.0 = Release|Win32
		{AC2D89CE-B3FC-4423-8ECB-00E8F055C4B8}.Debug|x64.ActiveCfg = Debug|x64
		{AC2D89CE-B3FC-4423-8ECB-00E8F055C4B8}.Debug|x64.Build.0 = Debug|x64
		{AC2D89CE-B3FC-4423-8ECB-00E8F055C4B8}.Debug|x86.ActiveCfg = Debug|Win32
		{AC2D89CE-B3FC-4423-8ECB-00E8F055C4B8}.Debug|x86.Build.0 = Debug|Win32
		{AC2D89CE-B3FC-4423-8ECB-00E8F055C4B8}.Release|x64.ActiveCfg = Release|x64
		{AC2D89CE-B3FC-4423-8ECB-00E8F055C4B8}.Release|x64.Build.0 = Release|x64
		{AC2D89CE-B3FC-4423-8ECB-00E8F055C4B8}.Release|x86.ActiveCfg = Release|Win32
		{AC2D89CE-B3FC-4423-8ECB-00E8F055C4B8}.Release|x86.Build.0 = Release|Win32
		{6E51DF5D-79E6-478F-9F23-E5E81EE1A928}.Debug|x64.ActiveCfg = Debug|x64
		{6E51DF5D-79E6-478F-9F23-E5E81EE1A928}.Debug|x64.Build.0 = Debug|x64
		{6E51DF5D-79E6-478F-9F23-E5E81EE1A928}.Debug|x86.ActiveCfg = Debug|Win32
		{6E51DF5D-79E6-478F-9F23-E5E81EE1A928}.Debug|x86.Build.0 = Debug|Win32
		{6E51DF5D-79E6-478F-9F23-E5E81EE1A928}.Release|x64.ActiveCfg = Release|x64
		{6E51DF5D-79E6-478F-9F23-E5E81EE1A928}.Release|x64.Build.0 = Release|x64
		{6E51DF5D-79E6-478F-9F23-E5E81EE1A928}.Release|x86.ActiveCfg = Release|Win32
		{6E51DF5D-79E6-478F-9F23-E5E81EE1A928}.Release|x86.Build.0 = Release|Win32
		{EBC446D6-009E-4A36-B4B5-05A541CA7A1C}.Debug|x64.ActiveCfg = Debug|x64
		{EBC446D6-009E-4A36-B4B5-05A541CA7A1C}.Debug|x64.Build.0 = Debug|x64
		{EBC446D6-009E-4A36-B4B5-05A541CA7A1C}.Debug|x86.ActiveCfg = Debug|Win32
		{EBC446D6-009E-4A36-B4B5-05A541CA7A1C}.Debug|x86.Build.0 = Debug|Win32
		{EBC446D6-009E-4A36-B4B5-05A541CA7A1C}.Release|x64.ActiveCfg = Release|x64
		{EBC446D6-009E-4A36-B4B5-05A541CA7A1C}.Release|x64.Build.0 = Release|x64
		{EBC446D6-009E-4A36-B4B5-05A541CA7A1C}.Release|x86.ActiveCfg = Release|Win32
		{EBC446D6-009E-4A36-B4B5-05A541CA7A1C}.Release|x86.Build.0 = Release|Win32
		{EEF8CB07-BEE4-4303-9EC6-C4D042BA162D}.Debug|x64.ActiveCfg = Debug|x64
		{EEF8CB07-BEE4-4303-9EC6-C4D042BA162D}.Debug|x64.Build.0 = Debug|x64
		{EEF8CB07-BEE4-4303-9EC6-C4D042BA162D}.Debug|x86.ActiveCfg = Debug|Win32
		{EEF8CB07-BEE4-4303-9EC6-C4D042BA162D}.Debug|x86.Build.0 = Debug|Win32
		{EEF8CB07-BEE4-4303-9EC6-C4D042BA162D}.Release|x64.ActiveCfg = Release|x64
		{EEF8CB07-BEE4-4303-9EC6-C4D042BA162D}.Release|x64.Build.0 = Release|x64
		{EEF8CB07-BEE4-4303-9EC6-C4D042BA162D}.Release|x86.ActiveCfg = Release|Win32
		{EEF8CB07-BEE4-4303-9EC6-C4D042BA162D}.Release|x86.Build.0 = Release|Win32
		{37575C7F-853D-454A-B9F8-E8EBEC57DDD3}.Debug|x64.ActiveCfg = Debug|x64
		{37575C7F-853D-454A-B9F8-E8EBEC57DDD3}.Debug|x64.Build.0 = Debug|x64
		{37575C7F-853D-454A-B9F8-E8EBEC57DDD3}.Debug|x86.ActiveCfg = Debug|Win32
		{37575C7F-853D-454A-B9F8-E8EBEC57DDD3}.Debug|x86.Build.0 = Debug|Win32
		{37575C7F-853D-454A-B9F8-E8EBEC57DDD3}.Release|x64.ActiveCfg = Release|x64
		{37575C7F-853D-454A-B9F8-E8EBEC57DDD3}.Release|x64.Build.0 = Release|x64
		{37575C7F-853D-454A-B9F8-E8EBEC57DDD3}.Release|x86.ActiveCfg = Release|Win32
		{37575C7F-853D-454A-B9F8-E8EBEC57DDD3}.Release|x86.Build.0 = Release|Win32
	EndGlobalSection
	GlobalSection(SolutionProperties) = preSolution
		HideSolutionNode = FALSE
	EndGlobalSection
	GlobalSection(NestedProjects) = preSolution
		{28D3BFBD-8717-4D18-B519-831235AD06D4} = {02EA681E-C7D8-13C7-8484-4AC65E1B71E8}
		{BEB843FF-3E00-458E-85BC-AD3BB21F38DE} = {B9C820E6-ECF1-4FCD-AD67-9E6A4F65E3ED}
		{BC4F03D8-9F26-4455-A1BB-C5D24A0CF07C} = {C0AB2DDF-F9FC-46AE-98AD-56D5B88DE816}
		{4D5F1B71-CFAF-4DAB-869A-4498D33EDB17} = {C0AB2DDF-F9FC-46AE-98AD-56D5B88DE816}
		{53308BD4-A840-45B8-969C-2DBC22ED5CAC} = {C0AB2DDF-F9FC-46AE-98AD-56D5B88DE816}
		{AC2D89CE-B3FC-4423-8ECB-00E8F055C4B8} = {C0AB2DDF-F9FC-46AE-98AD-56D5B88DE816}
		{403E2A72-6CC1-4D00-97FD-AF3427128612} = {E2D8B8D6-8053-4C17-9DBF-5F9E00738565}
		{6E51DF5D-79E6-478F-9F23-E5E81EE1A928} = {403E2A72-6CC1-4D00-97FD-AF3427128612}
		{4CD37B6A-068E-42EB-9983-229E494E2FD8} = {E2D8B8D6-8053-4C17-9DBF-5F9E00738565}
		{EBC446D6-009E-4A36-B4B5-05A541CA7A1C} = {4CD37B6A-068E-42EB-9983-229E494E2FD8}
		{EEF8CB07-BEE4-4303-9EC6-C4D042BA162D} = {583DDC96-31D6-4967-9BDD-A06A28293B36}
		{37575C7F-853D-454A-B9F8-E8EBEC57DDD3} = {3BBA2939-BA70-4194-963A-D8DF7716F2C9}
	EndGlobalSection
	GlobalSection(ExtensibilityGlobals) = postSolution
		SolutionGuid = {F12C5057-894F-4250-8489-7E44F110DC64}
	EndGlobalSection
EndGlobal
